# THIS IS AN AUTOGENERATED FILE. DO NOT EDIT THIS FILE DIRECTLY.
# yarn lockfile v1


"@types/node@^17.0.36":
  version "17.0.45"
  resolved "https://registry.yarnpkg.com/@types/node/-/node-17.0.45.tgz#2c0fafd78705e7a18b7906b5201a522719dc5190"
  integrity sha512-w+tIMs3rq2afQdsPJlODhoUEKzFP1ayaoyl1CcnwtIlsVe7K7bA1NGm4s3PraqTLlXnbIN84zuBlxBWo1u9BLw==

applescript@^1.0.0:
  version "1.0.0"
  resolved "https://registry.yarnpkg.com/applescript/-/applescript-1.0.0.tgz#bb87af568cad034a4e48c4bdaf6067a3a2701317"
  integrity sha1-u4evVoytA0pOSMS9r2Bno6JwExc=

auto-launch@^5.0.1:
  version "5.0.5"
  resolved "https://registry.yarnpkg.com/auto-launch/-/auto-launch-5.0.5.tgz#d14bd002b1ef642f85e991a6195ff5300c8ad3c0"
  integrity sha512-ppdF4mihhYzMYLuCcx9H/c5TUOCev8uM7en53zWVQhyYAJrurd2bFZx3qQVeJKF2jrc7rsPRNN5cD+i23l6PdA==
  dependencies:
    applescript "^1.0.0"
    mkdirp "^0.5.1"
    path-is-absolute "^1.0.0"
    untildify "^3.0.2"
    winreg "1.2.4"

conf@^2.0.0:
  version "2.2.0"
  resolved "https://registry.yarnpkg.com/conf/-/conf-2.2.0.tgz#ee282efafc1450b61e205372041ad7d866802d9a"
  integrity sha512-93Kz74FOMo6aWRVpAZsonOdl2I57jKtHrNmxhumehFQw4X8Sk37SohNY11PG7Q8Okta+UnrVaI006WLeyp8/XA==
  dependencies:
    dot-prop "^4.1.0"
    env-paths "^1.0.0"
    make-dir "^1.0.0"
    pkg-up "^2.0.0"
    write-file-atomic "^2.3.0"

deep-equal@^1.0.1:
  version "1.0.1"
  resolved "https://registry.yarnpkg.com/deep-equal/-/deep-equal-1.0.1.tgz#f5d260292b660e084eff4cdbc9f08ad3247448b5"
  integrity sha1-9dJgKStmDghO/0zbyfCK0yR0SLU=

dot-prop@^4.1.0:
  version "4.2.0"
  resolved "https://registry.yarnpkg.com/dot-prop/-/dot-prop-4.2.0.tgz#1f19e0c2e1aa0e32797c49799f2837ac6af69c57"
  integrity sha512-tUMXrxlExSW6U2EXiiKGSBVdYgtV8qlHL+C10TsW4PURY/ic+eaysnSkwB4kA/mBlCyy/IKDJ+Lc3wbWeaXtuQ==
  dependencies:
    is-obj "^1.0.0"

electron-store@^2.0.0:
  version "2.0.0"
  resolved "https://registry.yarnpkg.com/electron-store/-/electron-store-2.0.0.tgz#1035cca2a95409d1f54c7466606345852450d64a"
  integrity sha512-1WCFYHsYvZBqDsoaS0Relnz0rd81ZkBAI0Fgx7Nq2UWU77rSNs1qxm4S6uH7TCZ0bV3LQpJFk7id/is/ZgoOPA==
  dependencies:
    conf "^2.0.0"

electron-window-state@^4.1.0:
  version "4.1.1"
  resolved "https://registry.yarnpkg.com/electron-window-state/-/electron-window-state-4.1.1.tgz#6b34fdc31b38514dfec8b7c8f7b5d4addb67632d"
  integrity sha1-azT9wxs4UU3+yLfI97XUrdtnYy0=
  dependencies:
    deep-equal "^1.0.1"
    jsonfile "^2.2.3"
    mkdirp "^0.5.1"

env-paths@^1.0.0:
  version "1.0.0"
  resolved "https://registry.yarnpkg.com/env-paths/-/env-paths-1.0.0.tgz#4168133b42bb05c38a35b1ae4397c8298ab369e0"
  integrity sha1-QWgTO0K7BcOKNbGuQ5fIKYqzaeA=

find-up@^2.1.0:
  version "2.1.0"
  resolved "https://registry.yarnpkg.com/find-up/-/find-up-2.1.0.tgz#45d1b7e506c717ddd482775a2b77920a3c0c57a7"
  integrity sha1-RdG35QbHF93UgndaK3eSCjwMV6c=
  dependencies:
    locate-path "^2.0.0"

graceful-fs@^4.1.11, graceful-fs@^4.1.6:
  version "4.1.15"
  resolved "https://registry.yarnpkg.com/graceful-fs/-/graceful-fs-4.1.15.tgz#ffb703e1066e8a0eeaa4c8b80ba9253eeefbfb00"
  integrity sha512-6uHUhOPEBgQ24HM+r6b/QwWfZq+yiFcipKFrOFiBEnWdy5sdzYoi+pJeQaPI5qOLRFqWmAXUPQNsielzdLoecA==

imurmurhash@^0.1.4:
  version "0.1.4"
  resolved "https://registry.yarnpkg.com/imurmurhash/-/imurmurhash-0.1.4.tgz#9218b9b2b928a238b13dc4fb6b6d576f231453ea"
  integrity sha1-khi5srkoojixPcT7a21XbyMUU+o=

is-obj@^1.0.0:
  version "1.0.1"
  resolved "https://registry.yarnpkg.com/is-obj/-/is-obj-1.0.1.tgz#3e4729ac1f5fde025cd7d83a896dab9f4f67db0f"
  integrity sha1-PkcprB9f3gJc19g6iW2rn09n2w8=

jsonfile@^2.2.3:
  version "2.4.0"
  resolved "https://registry.yarnpkg.com/jsonfile/-/jsonfile-2.4.0.tgz#3736a2b428b87bbda0cc83b53fa3d633a35c2ae8"
  integrity sha1-NzaitCi4e72gzIO1P6PWM6NcKug=
  optionalDependencies:
    graceful-fs "^4.1.6"

locate-path@^2.0.0:
  version "2.0.0"
  resolved "https://registry.yarnpkg.com/locate-path/-/locate-path-2.0.0.tgz#2b568b265eec944c6d9c0de9c3dbbbca0354cd8e"
  integrity sha1-K1aLJl7slExtnA3pw9u7ygNUzY4=
  dependencies:
    p-locate "^2.0.0"
    path-exists "^3.0.0"

make-dir@^1.0.0:
  version "1.3.0"
  resolved "https://registry.yarnpkg.com/make-dir/-/make-dir-1.3.0.tgz#79c1033b80515bd6d24ec9933e860ca75ee27f0c"
  integrity sha512-2w31R7SJtieJJnQtGc7RVL2StM2vGYVfqUOvUDxH6bC6aJTxPxTF0GnIgCyu7tjockiUWAYQRbxa7vKn34s5sQ==
  dependencies:
    pify "^3.0.0"

minimist@0.0.8:
  version "0.0.8"
  resolved "https://registry.yarnpkg.com/minimist/-/minimist-0.0.8.tgz#857fcabfc3397d2625b8228262e86aa7a011b05d"
  integrity sha1-hX/Kv8M5fSYluCKCYuhqp6ARsF0=

minimist@^1.2.0:
  version "1.2.2"
  resolved "https://registry.yarnpkg.com/minimist/-/minimist-1.2.2.tgz#b00a00230a1108c48c169e69a291aafda3aacd63"
  integrity sha512-rIqbOrKb8GJmx/5bc2M0QchhUouMXSpd1RTclXsB41JdL+VtnojfaJR+h7F9k18/4kHUsBFgk80Uk+q569vjPA==

minimist@^1.2.6:
  version "1.2.8"
  resolved "https://registry.yarnpkg.com/minimist/-/minimist-1.2.8.tgz#c1a464e7693302e082a075cee0c057741ac4772c"
  integrity sha512-2yyAR8qBkN3YuheJanUpWC5U3bb5osDywNB8RzDVlDwDHbocAJveqqj1u8+SVD7jkWT4yvsHCpWqqWqAxb0zCA==

mkdirp@^0.5.1:
  version "0.5.1"
  resolved "https://registry.yarnpkg.com/mkdirp/-/mkdirp-0.5.1.tgz#30057438eac6cf7f8c4767f38648d6697d75c903"
  integrity sha1-MAV0OOrGz3+MR2fzhkjWaX11yQM=
  dependencies:
    minimist "0.0.8"

p-limit@^1.1.0:
  version "1.3.0"
  resolved "https://registry.yarnpkg.com/p-limit/-/p-limit-1.3.0.tgz#b86bd5f0c25690911c7590fcbfc2010d54b3ccb8"
  integrity sha512-vvcXsLAJ9Dr5rQOPk7toZQZJApBl2K4J6dANSsEuh6QI41JYcsS/qhTGa9ErIUUgK3WNQoJYvylxvjqmiqEA9Q==
  dependencies:
    p-try "^1.0.0"

p-locate@^2.0.0:
  version "2.0.0"
  resolved "https://registry.yarnpkg.com/p-locate/-/p-locate-2.0.0.tgz#20a0103b222a70c8fd39cc2e580680f3dde5ec43"
  integrity sha1-IKAQOyIqcMj9OcwuWAaA893l7EM=
  dependencies:
    p-limit "^1.1.0"

p-try@^1.0.0:
  version "1.0.0"
  resolved "https://registry.yarnpkg.com/p-try/-/p-try-1.0.0.tgz#cbc79cdbaf8fd4228e13f621f2b1a237c1b207b3"
  integrity sha1-y8ec26+P1CKOE/Yh8rGiN8GyB7M=

path-exists@^3.0.0:
  version "3.0.0"
  resolved "https://registry.yarnpkg.com/path-exists/-/path-exists-3.0.0.tgz#ce0ebeaa5f78cb18925ea7d810d7b59b010fd515"
  integrity sha1-zg6+ql94yxiSXqfYENe1mwEP1RU=

path-is-absolute@^1.0.0:
  version "1.0.1"
  resolved "https://registry.yarnpkg.com/path-is-absolute/-/path-is-absolute-1.0.1.tgz#174b9268735534ffbc7ace6bf53a5a9e1b5c5f5f"
  integrity sha1-F0uSaHNVNP+8es5r9TpanhtcX18=

pify@^3.0.0:
  version "3.0.0"
  resolved "https://registry.yarnpkg.com/pify/-/pify-3.0.0.tgz#e5a4acd2c101fdf3d9a4d07f0dbc4db49dd28176"
  integrity sha1-5aSs0sEB/fPZpNB/DbxNtJ3SgXY=

pkg-up@^2.0.0:
  version "2.0.0"
  resolved "https://registry.yarnpkg.com/pkg-up/-/pkg-up-2.0.0.tgz#c819ac728059a461cab1c3889a2be3c49a004d7f"
  integrity sha1-yBmscoBZpGHKscOImivjxJoATX8=
  dependencies:
    find-up "^2.1.0"

png-to-ico@^2.0.1:
  version "2.1.8"
  resolved "https://registry.yarnpkg.com/png-to-ico/-/png-to-ico-2.1.8.tgz#fdc2eda6f197df1d6c33400707e36c3b802ac6dd"
  integrity sha512-Nf+IIn/cZ/DIZVdGveJp86NG5uNib1ZXMiDd/8x32HCTeKSvgpyg6D/6tUBn1QO/zybzoMK0/mc3QRgAyXdv9w==
  dependencies:
    "@types/node" "^17.0.36"
    minimist "^1.2.6"
    pngjs "^6.0.0"

pngjs@^6.0.0:
  version "6.0.0"
  resolved "https://registry.yarnpkg.com/pngjs/-/pngjs-6.0.0.tgz#ca9e5d2aa48db0228a52c419c3308e87720da821"
  integrity sha512-TRzzuFRRmEoSW/p1KVAmiOgPco2Irlah+bGFCeNfJXxxYGwSw7YwAOAcd7X28K/m5bjBWKsC29KyoMfHbypayg==

signal-exit@^3.0.2:
  version "3.0.2"
  resolved "https://registry.yarnpkg.com/signal-exit/-/signal-exit-3.0.2.tgz#b5fdc08f1287ea1178628e415e25132b73646c6d"
  integrity sha1-tf3AjxKH6hF4Yo5BXiUTK3NkbG0=

untildify@^3.0.2:
  version "3.0.3"
  resolved "https://registry.yarnpkg.com/untildify/-/untildify-3.0.3.tgz#1e7b42b140bcfd922b22e70ca1265bfe3634c7c9"
  integrity sha512-iSk/J8efr8uPT/Z4eSUywnqyrQU7DSdMfdqK4iWEaUVVmcP5JcnpRqmVMwcwcnmI1ATFNgC5V90u09tBynNFKA==

winreg@1.2.4:
  version "1.2.4"
  resolved "https://registry.yarnpkg.com/winreg/-/winreg-1.2.4.tgz#ba065629b7a925130e15779108cf540990e98d1b"
  integrity sha1-ugZWKbepJRMOFXeRCM9UCZDpjRs=

write-file-atomic@^2.3.0:
  version "2.4.2"
  resolved "https://registry.yarnpkg.com/write-file-atomic/-/write-file-atomic-2.4.2.tgz#a7181706dfba17855d221140a9c06e15fcdd87b9"
  integrity sha512-s0b6vB3xIVRLWywa6X9TOMA7k9zio0TMOsl9ZnDkliA/cfJlpHXAscj0gbHVJiTdIuAYpIyqS5GW91fqm6gG5g==
  dependencies:
    graceful-fs "^4.1.11"
    imurmurhash "^0.1.4"
    signal-exit "^3.0.2"
